
Microsoft Visual Studio Solution File, Format Version 12.00
# Visual Studio 15
VisualStudioVersion = 15.0.28307.421
MinimumVisualStudioVersion = 10.0.40219.1
Project("{FAE04EC0-301F-11D3-BF4B-00C04F79EFBC}") = "StackTests", "StackTests\StackTests.csproj", "{74267AD6-CBBE-4F6E-AC79-33C87517288E}"
EndProject
Global
	GlobalSection(SolutionConfigurationPlatforms) = preSolution
		Debug|Any CPU = Debug|Any CPU
		Release|Any CPU = Release|Any CPU
	EndGlobalSection
	GlobalSection(ProjectConfigurationPlatforms) = postSolution
		{74267AD6-CBBE-4F6E-AC79-33C87517288E}.Debug|Any CPU.ActiveCfg = Debug|Any CPU
		{74267AD6-CBBE-4F6E-AC79-33C87517288E}.Debug|Any CPU.Build.0 = Debug|Any CPU
		{74267AD6-CBBE-4F6E-AC79-33C87517288E}.Release|Any CPU.ActiveCfg = Release|Any CPU
		{74267AD6-CBBE-4F6E-AC79-33C87517288E}.Release|Any CPU.Build.0 = Release|Any CPU
	EndGlobalSection
	GlobalSection(SolutionProperties) = preSolution
		HideSolutionNode = FALSE
	EndGlobalSection
	GlobalSection(ExtensibilityGlobals) = postSolution
		SolutionGuid = {15EB1F8D-BB77-45EB-8526-EC8949105132}
	EndGlobalSection
EndGlobal
