
Microsoft Visual Studio Solution File, Format Version 12.00
# Visual Studio 15
VisualStudioVersion = 15.0.28307.421
MinimumVisualStudioVersion = 10.0.40219.1
Project("{FAE04EC0-301F-11D3-BF4B-00C04F79EFBC}") = "RomanNumeralTests", "RomanNumeralTests\RomanNumeralTests.csproj", "{51F4FBEF-40B9-4E73-8584-278654715CA3}"
EndProject
Global
	GlobalSection(SolutionConfigurationPlatforms) = preSolution
		Debug|Any CPU = Debug|Any CPU
		Release|Any CPU = Release|Any CPU
	EndGlobalSection
	GlobalSection(ProjectConfigurationPlatforms) = postSolution
		{51F4FBEF-40B9-4E73-8584-278654715CA3}.Debug|Any CPU.ActiveCfg = Debug|Any CPU
		{51F4FBEF-40B9-4E73-8584-278654715CA3}.Debug|Any CPU.Build.0 = Debug|Any CPU
		{51F4FBEF-40B9-4E73-8584-278654715CA3}.Release|Any CPU.ActiveCfg = Release|Any CPU
		{51F4FBEF-40B9-4E73-8584-278654715CA3}.Release|Any CPU.Build.0 = Release|Any CPU
	EndGlobalSection
	GlobalSection(SolutionProperties) = preSolution
		HideSolutionNode = FALSE
	EndGlobalSection
	GlobalSection(ExtensibilityGlobals) = postSolution
		SolutionGuid = {0A78F143-DB14-4F32-B25D-19C1ADD9B89B}
	EndGlobalSection
EndGlobal
