
Microsoft Visual Studio Solution File, Format Version 12.00
# Visual Studio Version 16
VisualStudioVersion = 16.0.29102.190
MinimumVisualStudioVersion = 10.0.40219.1
Project("{FAE04EC0-301F-11D3-BF4B-00C04F79EFBC}") = "BillPay_Tests", "BillPay_Tests\BillPay_Tests.csproj", "{F3C94AB1-8A43-4F49-BDEC-FEF989781048}"
EndProject
Project("{FAE04EC0-301F-11D3-BF4B-00C04F79EFBC}") = "BillPaying", "BillPaying\BillPaying.csproj", "{1AE176FF-B98D-4DA3-8B9F-592439D9119A}"
EndProject
Global
	GlobalSection(SolutionConfigurationPlatforms) = preSolution
		Debug|Any CPU = Debug|Any CPU
		Release|Any CPU = Release|Any CPU
	EndGlobalSection
	GlobalSection(ProjectConfigurationPlatforms) = postSolution
		{F3C94AB1-8A43-4F49-BDEC-FEF989781048}.Debug|Any CPU.ActiveCfg = Debug|Any CPU
		{F3C94AB1-8A43-4F49-BDEC-FEF989781048}.Debug|Any CPU.Build.0 = Debug|Any CPU
		{F3C94AB1-8A43-4F49-BDEC-FEF989781048}.Release|Any CPU.ActiveCfg = Release|Any CPU
		{F3C94AB1-8A43-4F49-BDEC-FEF989781048}.Release|Any CPU.Build.0 = Release|Any CPU
		{1AE176FF-B98D-4DA3-8B9F-592439D9119A}.Debug|Any CPU.ActiveCfg = Debug|Any CPU
		{1AE176FF-B98D-4DA3-8B9F-592439D9119A}.Debug|Any CPU.Build.0 = Debug|Any CPU
		{1AE176FF-B98D-4DA3-8B9F-592439D9119A}.Release|Any CPU.ActiveCfg = Release|Any CPU
		{1AE176FF-B98D-4DA3-8B9F-592439D9119A}.Release|Any CPU.Build.0 = Release|Any CPU
	EndGlobalSection
	GlobalSection(SolutionProperties) = preSolution
		HideSolutionNode = FALSE
	EndGlobalSection
	GlobalSection(ExtensibilityGlobals) = postSolution
		SolutionGuid = {6197EA78-E5FB-4F99-87A9-5DFD09797B3F}
	EndGlobalSection
EndGlobal
