
Microsoft Visual Studio Solution File, Format Version 12.00
# Visual Studio Version 16
VisualStudioVersion = 16.0.28922.388
MinimumVisualStudioVersion = 10.0.40219.1
Project("{FAE04EC0-301F-11D3-BF4B-00C04F79EFBC}") = "HarryPotterBooks", "HarryPotterBooks.csproj", "{67E7EEA2-78AB-4278-97EB-644BC62E2DDA}"
EndProject
Project("{FAE04EC0-301F-11D3-BF4B-00C04F79EFBC}") = "HarryPotterBookTests", "..\HarryPotterBookTests\HarryPotterBookTests.csproj", "{AE81781B-9E14-4144-ABDA-FB83731DC752}"
EndProject
Global
	GlobalSection(SolutionConfigurationPlatforms) = preSolution
		Debug|Any CPU = Debug|Any CPU
		Release|Any CPU = Release|Any CPU
	EndGlobalSection
	GlobalSection(ProjectConfigurationPlatforms) = postSolution
		{67E7EEA2-78AB-4278-97EB-644BC62E2DDA}.Debug|Any CPU.ActiveCfg = Debug|Any CPU
		{67E7EEA2-78AB-4278-97EB-644BC62E2DDA}.Debug|Any CPU.Build.0 = Debug|Any CPU
		{67E7EEA2-78AB-4278-97EB-644BC62E2DDA}.Release|Any CPU.ActiveCfg = Release|Any CPU
		{67E7EEA2-78AB-4278-97EB-644BC62E2DDA}.Release|Any CPU.Build.0 = Release|Any CPU
		{AE81781B-9E14-4144-ABDA-FB83731DC752}.Debug|Any CPU.ActiveCfg = Debug|Any CPU
		{AE81781B-9E14-4144-ABDA-FB83731DC752}.Debug|Any CPU.Build.0 = Debug|Any CPU
		{AE81781B-9E14-4144-ABDA-FB83731DC752}.Release|Any CPU.ActiveCfg = Release|Any CPU
		{AE81781B-9E14-4144-ABDA-FB83731DC752}.Release|Any CPU.Build.0 = Release|Any CPU
	EndGlobalSection
	GlobalSection(SolutionProperties) = preSolution
		HideSolutionNode = FALSE
	EndGlobalSection
	GlobalSection(ExtensibilityGlobals) = postSolution
		SolutionGuid = {48C4AD1F-20F4-4C1D-BA1B-66D1EC5FB94B}
	EndGlobalSection
EndGlobal
