
Microsoft Visual Studio Solution File, Format Version 12.00
# Visual Studio 15
VisualStudioVersion = 15.0.28307.421
MinimumVisualStudioVersion = 10.0.40219.1
Project("{FAE04EC0-301F-11D3-BF4B-00C04F79EFBC}") = "FizzBuzzTests", "FizzBuzzTests\FizzBuzzTests.csproj", "{3BD263C1-9D7A-4EC3-855D-1676818DFDF3}"
EndProject
Global
	GlobalSection(SolutionConfigurationPlatforms) = preSolution
		Debug|Any CPU = Debug|Any CPU
		Release|Any CPU = Release|Any CPU
	EndGlobalSection
	GlobalSection(ProjectConfigurationPlatforms) = postSolution
		{3BD263C1-9D7A-4EC3-855D-1676818DFDF3}.Debug|Any CPU.ActiveCfg = Debug|Any CPU
		{3BD263C1-9D7A-4EC3-855D-1676818DFDF3}.Debug|Any CPU.Build.0 = Debug|Any CPU
		{3BD263C1-9D7A-4EC3-855D-1676818DFDF3}.Release|Any CPU.ActiveCfg = Release|Any CPU
		{3BD263C1-9D7A-4EC3-855D-1676818DFDF3}.Release|Any CPU.Build.0 = Release|Any CPU
	EndGlobalSection
	GlobalSection(SolutionProperties) = preSolution
		HideSolutionNode = FALSE
	EndGlobalSection
	GlobalSection(ExtensibilityGlobals) = postSolution
		SolutionGuid = {3DACD9D6-A233-43DC-8D8F-6FA243F7DDB8}
	EndGlobalSection
EndGlobal
